
Microsoft Visual Studio Solution File, Format Version 12.00
# Visual Studio Version 17
VisualStudioVersion = 17.14.36401.2 d17.14
MinimumVisualStudioVersion = 10.0.40219.1
Project("{FAE04EC0-301F-11D3-BF4B-00C04F79EFBC}") = "ObligatorioTT", "ObligatorioTT\ObligatorioTT.csproj", "{5EAD16FD-0985-4056-ADBA-CD3E929FDECC}"
EndProject
Global
	GlobalSection(SolutionConfigurationPlatforms) = preSolution
		Debug|Any CPU = Debug|Any CPU
		Release|Any CPU = Release|Any CPU
	EndGlobalSection
	GlobalSection(ProjectConfigurationPlatforms) = postSolution
		{5EAD16FD-0985-4056-ADBA-CD3E929FDECC}.Debug|Any CPU.ActiveCfg = Debug|Any CPU
		{5EAD16FD-0985-4056-ADBA-CD3E929FDECC}.Debug|Any CPU.Build.0 = Debug|Any CPU
		{5EAD16FD-0985-4056-ADBA-CD3E929FDECC}.Debug|Any CPU.Deploy.0 = Debug|Any CPU
		{5EAD16FD-0985-4056-ADBA-CD3E929FDECC}.Release|Any CPU.ActiveCfg = Release|Any CPU
		{5EAD16FD-0985-4056-ADBA-CD3E929FDECC}.Release|Any CPU.Build.0 = Release|Any CPU
		{5EAD16FD-0985-4056-ADBA-CD3E929FDECC}.Release|Any CPU.Deploy.0 = Release|Any CPU
	EndGlobalSection
	GlobalSection(SolutionProperties) = preSolution
		HideSolutionNode = FALSE
	EndGlobalSection
	GlobalSection(ExtensibilityGlobals) = postSolution
		SolutionGuid = {E6772D5E-F4C4-4683-9B55-56CA1BA44202}
	EndGlobalSection
EndGlobal
